<?xml version="1.0" encoding="utf-8"?>
<Project ToolsVersion="4.0" xmlns="http://schemas.microsoft.com/developer/msbuild/2003">
  <ItemGroup>
    <Filter Include="00. WinApp">
      <UniqueIdentifier>{1349976d-c260-4946-8974-f2bd47c978c4}</UniqueIdentifier>
    </Filter>
    <Filter Include="00. WinApp\01. Document">
      <UniqueIdentifier>{46b548b2-9d1b-4032-98c8-8950e3642061}</UniqueIdentifier>
    </Filter>
    <Filter Include="01. MainFrame">
      <UniqueIdentifier>{8bb540ae-d56b-44da-96c6-77f5e0ec650f}</UniqueIdentifier>
    </Filter>
    <Filter Include="99. Default">
      <UniqueIdentifier>{6d4e70ae-1555-4629-a0b7-d439c9cf0ad8}</UniqueIdentifier>
    </Filter>
    <Filter Include="02. View">
      <UniqueIdentifier>{97938ebc-bcda-4669-b5aa-1aa6f3bde5c9}</UniqueIdentifier>
    </Filter>
    <Filter Include="03. Dialog">
      <UniqueIdentifier>{d50afd80-b8b3-4d4e-bd2d-331e6a4eb8df}</UniqueIdentifier>
    </Filter>
    <Filter Include="04. GameObject">
      <UniqueIdentifier>{67352051-aa64-4a6a-8af1-fab2ea93e478}</UniqueIdentifier>
    </Filter>
    <Filter Include="02. View\01. MainForm">
      <UniqueIdentifier>{c34fec14-c434-43b6-b9c2-1015851b2731}</UniqueIdentifier>
    </Filter>
    <Filter Include="02. View\02. Inspector_Form">
      <UniqueIdentifier>{7c49f900-7a64-4561-bc45-4bdb86146e6d}</UniqueIdentifier>
    </Filter>
    <Filter Include="02. View\02. Inspector_Form\01. Sheet">
      <UniqueIdentifier>{a7c754c8-5c3b-4b6c-b199-76693128e928}</UniqueIdentifier>
    </Filter>
    <Filter Include="02. View\02. Inspector_Form\00. This">
      <UniqueIdentifier>{c45fbead-505a-40ac-be7d-40f823e8faaf}</UniqueIdentifier>
    </Filter>
    <Filter Include="02. View\02. Inspector_Form\01. Sheet\00. This">
      <UniqueIdentifier>{579bce5f-ce4c-428a-ac12-4e0c739b98a7}</UniqueIdentifier>
    </Filter>
    <Filter Include="02. View\02. Inspector_Form\01. Sheet\01. Page">
      <UniqueIdentifier>{aeace701-6e63-453e-919f-52654e927f18}</UniqueIdentifier>
    </Filter>
    <Filter Include="02. View\02. Inspector_Form\01. Sheet\01. Page\01. Inspector">
      <UniqueIdentifier>{808100e3-90a8-4c71-a26c-f8bfb57d1467}</UniqueIdentifier>
    </Filter>
    <Filter Include="02. View\02. Inspector_Form\01. Sheet\01. Page\02. Animator">
      <UniqueIdentifier>{59f03097-7125-4959-8ab3-8b154bf37954}</UniqueIdentifier>
    </Filter>
    <Filter Include="02. View\02. Inspector_Form\01. Sheet\01. Page\03. Collider">
      <UniqueIdentifier>{6c63fc06-d816-4b20-9127-99972c1e6a9d}</UniqueIdentifier>
    </Filter>
    <Filter Include="02. View\02. Inspector_Form\01. Sheet\01. Page\00. This">
      <UniqueIdentifier>{57d666ca-aa69-45db-9423-e99033430e86}</UniqueIdentifier>
    </Filter>
    <Filter Include="02. View\03. Resource_Form">
      <UniqueIdentifier>{f39bac21-90c7-46c6-a1b7-1fb5dd86a3b0}</UniqueIdentifier>
    </Filter>
    <Filter Include="02. View\04. ObjectList_Form">
      <UniqueIdentifier>{ee4c0671-10b4-42d9-a7ff-df0c5074eb00}</UniqueIdentifier>
    </Filter>
    <Filter Include="02. View\05. Scene_ObjList_Form">
      <UniqueIdentifier>{aa75df3a-8dc8-455f-87a1-d98685406238}</UniqueIdentifier>
    </Filter>
    <Filter Include="04. GameObject\02. Terrain">
      <UniqueIdentifier>{f2492c30-94cf-4e90-8777-f8e14f738c65}</UniqueIdentifier>
    </Filter>
    <Filter Include="98. Header">
      <UniqueIdentifier>{bf6f75eb-5006-4539-904f-f8e1d9df0835}</UniqueIdentifier>
    </Filter>
  </ItemGroup>
  <ItemGroup>
    <ClInclude Include="Tool.h">
      <Filter>00. WinApp</Filter>
    </ClInclude>
    <ClInclude Include="ToolDoc.h">
      <Filter>00. WinApp\01. Document</Filter>
    </ClInclude>
    <ClInclude Include="MainFrm.h">
      <Filter>01. MainFrame</Filter>
    </ClInclude>
    <ClInclude Include="ToolView.h">
      <Filter>02. View</Filter>
    </ClInclude>
    <ClInclude Include="Resource.h">
      <Filter>99. Default</Filter>
    </ClInclude>
    <ClInclude Include="stdafx.h">
      <Filter>99. Default</Filter>
    </ClInclude>
    <ClInclude Include="targetver.h">
      <Filter>99. Default</Filter>
    </ClInclude>
    <ClInclude Include="MainForm.h">
      <Filter>02. View\01. MainForm</Filter>
    </ClInclude>
    <ClInclude Include="Inspector_Form.h">
      <Filter>02. View\02. Inspector_Form\00. This</Filter>
    </ClInclude>
    <ClInclude Include="Inspector_Sheet.h">
      <Filter>02. View\02. Inspector_Form\01. Sheet\00. This</Filter>
    </ClInclude>
    <ClInclude Include="Inspector_Page.h">
      <Filter>02. View\02. Inspector_Form\01. Sheet\01. Page\01. Inspector</Filter>
    </ClInclude>
    <ClInclude Include="Animator_Page.h">
      <Filter>02. View\02. Inspector_Form\01. Sheet\01. Page\02. Animator</Filter>
    </ClInclude>
    <ClInclude Include="Collider_Page.h">
      <Filter>02. View\02. Inspector_Form\01. Sheet\01. Page\03. Collider</Filter>
    </ClInclude>
    <ClInclude Include="Resource_Form.h">
      <Filter>02. View\03. Resource_Form</Filter>
    </ClInclude>
    <ClInclude Include="ObjectList_Form.h">
      <Filter>02. View\04. ObjectList_Form</Filter>
    </ClInclude>
    <ClInclude Include="Scene_ObjList_Form.h">
      <Filter>02. View\05. Scene_ObjList_Form</Filter>
    </ClInclude>
    <ClInclude Include="Terrain_Cube.h">
      <Filter>04. GameObject\02. Terrain</Filter>
    </ClInclude>
    <ClInclude Include="Tool_Defines.h">
      <Filter>98. Header</Filter>
    </ClInclude>
  </ItemGroup>
  <ItemGroup>
    <ClCompile Include="Tool.cpp">
      <Filter>00. WinApp</Filter>
    </ClCompile>
    <ClCompile Include="ToolDoc.cpp">
      <Filter>00. WinApp\01. Document</Filter>
    </ClCompile>
    <ClCompile Include="MainFrm.cpp">
      <Filter>01. MainFrame</Filter>
    </ClCompile>
    <ClCompile Include="ToolView.cpp">
      <Filter>02. View</Filter>
    </ClCompile>
    <ClCompile Include="stdafx.cpp">
      <Filter>99. Default</Filter>
    </ClCompile>
    <ClCompile Include="MainForm.cpp">
      <Filter>02. View\01. MainForm</Filter>
    </ClCompile>
    <ClCompile Include="Inspector_Form.cpp">
      <Filter>02. View\02. Inspector_Form\00. This</Filter>
    </ClCompile>
    <ClCompile Include="Inspector_Sheet.cpp">
      <Filter>02. View\02. Inspector_Form\01. Sheet\00. This</Filter>
    </ClCompile>
    <ClCompile Include="Inspector_Page.cpp">
      <Filter>02. View\02. Inspector_Form\01. Sheet\01. Page\01. Inspector</Filter>
    </ClCompile>
    <ClCompile Include="Animator_Page.cpp">
      <Filter>02. View\02. Inspector_Form\01. Sheet\01. Page\02. Animator</Filter>
    </ClCompile>
    <ClCompile Include="Collider_Page.cpp">
      <Filter>02. View\02. Inspector_Form\01. Sheet\01. Page\03. Collider</Filter>
    </ClCompile>
    <ClCompile Include="Resource_Form.cpp">
      <Filter>02. View\03. Resource_Form</Filter>
    </ClCompile>
    <ClCompile Include="ObjectList_Form.cpp">
      <Filter>02. View\04. ObjectList_Form</Filter>
    </ClCompile>
    <ClCompile Include="Scene_ObjList_Form.cpp">
      <Filter>02. View\05. Scene_ObjList_Form</Filter>
    </ClCompile>
    <ClCompile Include="Terrain_Cube.cpp">
      <Filter>04. GameObject\02. Terrain</Filter>
    </ClCompile>
  </ItemGroup>
  <ItemGroup>
    <Image Include="res\Tool.ico">
      <Filter>99. Default</Filter>
    </Image>
    <Image Include="res\Toolbar.bmp">
      <Filter>99. Default</Filter>
    </Image>
    <Image Include="res\ToolDoc.ico">
      <Filter>99. Default</Filter>
    </Image>
    <Image Include="res\icon1.ico" />
    <Image Include="..\..\Unity_3D.ico" />
    <Image Include="..\Unity_3D.ico" />
  </ItemGroup>
  <ItemGroup>
    <ResourceCompile Include="Tool.rc">
      <Filter>99. Default</Filter>
    </ResourceCompile>
  </ItemGroup>
  <ItemGroup>
    <None Include="res\Tool.rc2">
      <Filter>99. Default</Filter>
    </None>
  </ItemGroup>
</Project>