<?xml version="1.0" encoding="utf-8"?>
<Project ToolsVersion="4.0" xmlns="http://schemas.microsoft.com/developer/msbuild/2003">
  <ItemGroup>
    <Filter Include="01. System">
      <UniqueIdentifier>{e10b3872-8cb6-4e44-bb32-1a62ff69c942}</UniqueIdentifier>
    </Filter>
    <Filter Include="02. Utility">
      <UniqueIdentifier>{7c4e23e8-8419-434a-abd7-0e7d473a3336}</UniqueIdentifier>
    </Filter>
    <Filter Include="01. System\99. Export">
      <UniqueIdentifier>{fd3f81ba-20d8-4ba7-a60c-1436da25ec4d}</UniqueIdentifier>
    </Filter>
    <Filter Include="02. Utility\01. GameObject">
      <UniqueIdentifier>{2880b305-6819-44cd-b70a-015a51898293}</UniqueIdentifier>
    </Filter>
    <Filter Include="03. Resources">
      <UniqueIdentifier>{434cb9d4-9f93-4c3c-9c9f-b730791d0a91}</UniqueIdentifier>
    </Filter>
    <Filter Include="03. Resources\01. Buffer">
      <UniqueIdentifier>{2e746684-d6b3-480c-9f23-1ffdf214222f}</UniqueIdentifier>
    </Filter>
    <Filter Include="03. Resources\01. Buffer\00. SuperClass">
      <UniqueIdentifier>{669cbf29-22bf-453e-888c-f3b4f355acbe}</UniqueIdentifier>
    </Filter>
    <Filter Include="03. Resources\00. SuperClass">
      <UniqueIdentifier>{5bda4c63-fd35-46a8-ad63-7e0a3262bddd}</UniqueIdentifier>
    </Filter>
    <Filter Include="03. Resources\02. Texture">
      <UniqueIdentifier>{9f03dd0c-1230-4b7b-b55c-7c73c61fae39}</UniqueIdentifier>
    </Filter>
    <Filter Include="03. Resources\04. ResourceMgr">
      <UniqueIdentifier>{328c9a66-19cf-4081-96d7-63fa58398de7}</UniqueIdentifier>
    </Filter>
    <Filter Include="03. Resources\01. Buffer\02. RcCol">
      <UniqueIdentifier>{c14a3685-4a12-4e99-a2fe-8c66e7a9d27a}</UniqueIdentifier>
    </Filter>
    <Filter Include="03. Resources\01. Buffer\01. TriCol">
      <UniqueIdentifier>{29bd6908-5fea-405b-aec9-704bb9fd63b4}</UniqueIdentifier>
    </Filter>
    <Filter Include="03. Resources\01. Buffer\03. RcTex">
      <UniqueIdentifier>{7914ade7-0d23-4ec4-9659-10cd83148c9b}</UniqueIdentifier>
    </Filter>
    <Filter Include="03. Resources\01. Buffer\04. CubeCol">
      <UniqueIdentifier>{e661fc8d-15ad-400d-8c88-17ccdaed4324}</UniqueIdentifier>
    </Filter>
    <Filter Include="03. Resources\01. Buffer\05. CubeTex">
      <UniqueIdentifier>{f8a6a31d-b05d-4d7a-a202-564eac2fff10}</UniqueIdentifier>
    </Filter>
    <Filter Include="01. System\00. GraphicDev">
      <UniqueIdentifier>{432a4612-492f-4a94-8a12-02b84f178bfb}</UniqueIdentifier>
    </Filter>
    <Filter Include="01. System\03. KeyMgr">
      <UniqueIdentifier>{d52c6830-6598-48ce-8340-f2ec8b869a47}</UniqueIdentifier>
    </Filter>
    <Filter Include="01. System\01. TimerMgr">
      <UniqueIdentifier>{05413d19-f4bf-4a7d-ba8a-cc58568bfb8b}</UniqueIdentifier>
    </Filter>
    <Filter Include="01. System\01. TimerMgr\01, Timer">
      <UniqueIdentifier>{41e40089-4441-4fd7-aaae-685c7037d965}</UniqueIdentifier>
    </Filter>
    <Filter Include="01. System\01. TimerMgr\02. TimeMgr">
      <UniqueIdentifier>{96cfb6f2-3d02-476a-babc-6d2198449868}</UniqueIdentifier>
    </Filter>
    <Filter Include="01. System\02. FrameMgr">
      <UniqueIdentifier>{ff4b6d3a-536b-4ec4-af90-2319981b7235}</UniqueIdentifier>
    </Filter>
    <Filter Include="02. Utility\03. Component">
      <UniqueIdentifier>{e8edb017-7397-4da1-8662-39144a7aa3be}</UniqueIdentifier>
    </Filter>
    <Filter Include="02. Utility\03. Component\01. Transform">
      <UniqueIdentifier>{637aa42e-678e-4a3e-a5ff-2f90a5951adc}</UniqueIdentifier>
    </Filter>
    <Filter Include="02. Utility\03. Component\00. SuperClass">
      <UniqueIdentifier>{18f17fcc-6954-4a71-a653-a6c52fb6eb62}</UniqueIdentifier>
    </Filter>
    <Filter Include="02. Utility\03. Component\03. Collider">
      <UniqueIdentifier>{47c844e2-642d-4d63-93c4-63b22d894362}</UniqueIdentifier>
    </Filter>
    <Filter Include="02. Utility\03. Component\04. Animator">
      <UniqueIdentifier>{5709b585-43e4-4a91-88ef-9a596a3aecc8}</UniqueIdentifier>
    </Filter>
    <Filter Include="02. Utility\03. Component\05. Condition">
      <UniqueIdentifier>{f3692a1f-5467-4640-b6c9-04dc74facc1c}</UniqueIdentifier>
    </Filter>
    <Filter Include="02. Utility\03. Component\02. Renderer">
      <UniqueIdentifier>{3884d12b-0211-4745-a344-bc6340971f77}</UniqueIdentifier>
    </Filter>
    <Filter Include="02. Utility\05. Scene">
      <UniqueIdentifier>{831250f9-4f4e-4d8c-9c7a-a05317b6e024}</UniqueIdentifier>
    </Filter>
    <Filter Include="02. Utility\06. Layer">
      <UniqueIdentifier>{73910d9b-8bd0-4c12-8e24-5518838cfc86}</UniqueIdentifier>
    </Filter>
    <Filter Include="02. Utility\01. GameObject\01. Terrain">
      <UniqueIdentifier>{c755e405-96a2-47a7-b16b-8696ab950518}</UniqueIdentifier>
    </Filter>
    <Filter Include="02. Utility\01. GameObject\01. Terrain\00. SuperClass">
      <UniqueIdentifier>{82c4fa86-0b01-4f91-be97-f7105e86e83b}</UniqueIdentifier>
    </Filter>
    <Filter Include="02. Utility\01. GameObject\01. Terrain\01. Terrain_Plane">
      <UniqueIdentifier>{f9f9c5f9-dc53-4d77-89b6-517959d3267a}</UniqueIdentifier>
    </Filter>
    <Filter Include="02. Utility\01. GameObject\02. Camera">
      <UniqueIdentifier>{3d4ff576-347e-4a11-be7c-629edee83ed1}</UniqueIdentifier>
    </Filter>
    <Filter Include="02. Utility\01. GameObject\02. Camera\02. Dynamic_Camera">
      <UniqueIdentifier>{a42e9f55-299d-4e97-8da3-79e5cb8d47ee}</UniqueIdentifier>
    </Filter>
    <Filter Include="02. Utility\01. GameObject\02. Camera\03. Free_Camera">
      <UniqueIdentifier>{5c5d70e3-a045-4763-af5e-435ea16191e8}</UniqueIdentifier>
    </Filter>
    <Filter Include="02. Utility\01. GameObject\02. Camera\00. SuperClass">
      <UniqueIdentifier>{51f014b8-49fb-4ff1-b3f4-737d26817d72}</UniqueIdentifier>
    </Filter>
    <Filter Include="02. Utility\01. GameObject\00. SuperClass">
      <UniqueIdentifier>{592dcfa5-1463-405d-90d6-fefed0776c4d}</UniqueIdentifier>
    </Filter>
    <Filter Include="02. Utility\20. Management">
      <UniqueIdentifier>{ff84c625-e33e-426e-8d09-a2aa7fd6f2bc}</UniqueIdentifier>
    </Filter>
    <Filter Include="02. Utility\21. ComponentMgr">
      <UniqueIdentifier>{fc5ed236-54fd-40e4-8794-31ffccaa853e}</UniqueIdentifier>
    </Filter>
    <Filter Include="02. Utility\22. CameraMgr">
      <UniqueIdentifier>{2438ee2f-c591-45e2-82fa-a4d00f091a80}</UniqueIdentifier>
    </Filter>
    <Filter Include="02. Utility\23. TerrainMgr">
      <UniqueIdentifier>{c55d15c6-bb40-4c54-bb10-cd1971a13614}</UniqueIdentifier>
    </Filter>
    <Filter Include="02. Utility\01. GameObject\02. Camera\01. Static_Camera">
      <UniqueIdentifier>{e8f9e281-19d9-4809-a783-f36510b78682}</UniqueIdentifier>
    </Filter>
    <Filter Include="03. Resources\01. Buffer\06. TerrainTex">
      <UniqueIdentifier>{813e9e75-fa8c-44c4-88ab-4f2f457f0922}</UniqueIdentifier>
    </Filter>
    <Filter Include="02. Utility\24. CaclulateMgr">
      <UniqueIdentifier>{25235a93-a78c-4a3b-88ed-58dbd089cff9}</UniqueIdentifier>
    </Filter>
  </ItemGroup>
  <ItemGroup>
    <ClCompile Include="..\Code\GraphicDev.cpp">
      <Filter>01. System\00. GraphicDev</Filter>
    </ClCompile>
    <ClCompile Include="..\Code\Timer.cpp">
      <Filter>01. System\01. TimerMgr\01, Timer</Filter>
    </ClCompile>
    <ClCompile Include="..\Code\TimerMgr.cpp">
      <Filter>01. System\01. TimerMgr\02. TimeMgr</Filter>
    </ClCompile>
    <ClCompile Include="..\Code\FrameMgr.cpp">
      <Filter>01. System\02. FrameMgr</Filter>
    </ClCompile>
    <ClCompile Include="..\Code\VIBuffer.cpp">
      <Filter>03. Resources\01. Buffer\00. SuperClass</Filter>
    </ClCompile>
    <ClCompile Include="..\Code\RcCol.cpp">
      <Filter>03. Resources\01. Buffer\02. RcCol</Filter>
    </ClCompile>
    <ClCompile Include="..\Code\Component.cpp">
      <Filter>02. Utility\03. Component\00. SuperClass</Filter>
    </ClCompile>
    <ClCompile Include="..\Code\Transform.cpp">
      <Filter>02. Utility\03. Component\01. Transform</Filter>
    </ClCompile>
    <ClCompile Include="..\Code\Collider.cpp">
      <Filter>02. Utility\03. Component\03. Collider</Filter>
    </ClCompile>
    <ClCompile Include="..\Code\Texture.cpp">
      <Filter>03. Resources\02. Texture</Filter>
    </ClCompile>
    <ClCompile Include="..\Code\TriCol.cpp">
      <Filter>03. Resources\01. Buffer\01. TriCol</Filter>
    </ClCompile>
    <ClCompile Include="..\Code\RcTex.cpp">
      <Filter>03. Resources\01. Buffer\03. RcTex</Filter>
    </ClCompile>
    <ClCompile Include="..\Code\Renderer.cpp">
      <Filter>02. Utility\03. Component\02. Renderer</Filter>
    </ClCompile>
    <ClCompile Include="..\Code\RendererMgr.cpp">
      <Filter>03. Resources\04. ResourceMgr</Filter>
    </ClCompile>
    <ClCompile Include="..\Code\KeyMgr.cpp">
      <Filter>01. System\03. KeyMgr</Filter>
    </ClCompile>
    <ClCompile Include="..\Code\ComponentMgr.cpp">
      <Filter>02. Utility\21. ComponentMgr</Filter>
    </ClCompile>
    <ClCompile Include="..\Code\CubeCol.cpp">
      <Filter>03. Resources\01. Buffer\04. CubeCol</Filter>
    </ClCompile>
    <ClCompile Include="..\Code\CubeTex.cpp">
      <Filter>03. Resources\01. Buffer\05. CubeTex</Filter>
    </ClCompile>
    <ClCompile Include="..\Code\Layer.cpp">
      <Filter>02. Utility\06. Layer</Filter>
    </ClCompile>
    <ClCompile Include="..\Code\Scene.cpp">
      <Filter>02. Utility\05. Scene</Filter>
    </ClCompile>
    <ClCompile Include="..\Code\Management.cpp">
      <Filter>02. Utility\20. Management</Filter>
    </ClCompile>
    <ClCompile Include="..\Code\CameraMgr.cpp">
      <Filter>02. Utility\22. CameraMgr</Filter>
    </ClCompile>
    <ClCompile Include="..\Code\Terrain_Plane.cpp">
      <Filter>02. Utility\01. GameObject\01. Terrain\01. Terrain_Plane</Filter>
    </ClCompile>
    <ClCompile Include="..\Code\Terrain.cpp">
      <Filter>02. Utility\01. GameObject\01. Terrain\00. SuperClass</Filter>
    </ClCompile>
    <ClCompile Include="..\Code\GameObject.cpp">
      <Filter>02. Utility\01. GameObject\00. SuperClass</Filter>
    </ClCompile>
    <ClCompile Include="..\Code\Camera.cpp">
      <Filter>02. Utility\01. GameObject\02. Camera\00. SuperClass</Filter>
    </ClCompile>
    <ClCompile Include="..\Code\Dynamic_Camera.cpp">
      <Filter>02. Utility\01. GameObject\02. Camera\02. Dynamic_Camera</Filter>
    </ClCompile>
    <ClCompile Include="..\Code\TerrainTex.cpp">
      <Filter>03. Resources\01. Buffer\06. TerrainTex</Filter>
    </ClCompile>
    <ClCompile Include="..\Code\CalculateMgr.cpp">
      <Filter>02. Utility\24. CaclulateMgr</Filter>
    </ClCompile>
  </ItemGroup>
  <ItemGroup>
    <ClInclude Include="..\Code\GraphicDev.h">
      <Filter>01. System\00. GraphicDev</Filter>
    </ClInclude>
    <ClInclude Include="..\Code\Timer.h">
      <Filter>01. System\01. TimerMgr\01, Timer</Filter>
    </ClInclude>
    <ClInclude Include="..\Code\TimerMgr.h">
      <Filter>01. System\01. TimerMgr\02. TimeMgr</Filter>
    </ClInclude>
    <ClInclude Include="..\Code\FrameMgr.h">
      <Filter>01. System\02. FrameMgr</Filter>
    </ClInclude>
    <ClInclude Include="..\Code\VIBuffer.h">
      <Filter>03. Resources\01. Buffer\00. SuperClass</Filter>
    </ClInclude>
    <ClInclude Include="..\Code\RcCol.h">
      <Filter>03. Resources\01. Buffer\02. RcCol</Filter>
    </ClInclude>
    <ClInclude Include="..\Code\Component.h">
      <Filter>02. Utility\03. Component\00. SuperClass</Filter>
    </ClInclude>
    <ClInclude Include="..\Code\Transform.h">
      <Filter>02. Utility\03. Component\01. Transform</Filter>
    </ClInclude>
    <ClInclude Include="..\Code\Collider.h">
      <Filter>02. Utility\03. Component\03. Collider</Filter>
    </ClInclude>
    <ClInclude Include="..\Code\Texture.h">
      <Filter>03. Resources\02. Texture</Filter>
    </ClInclude>
    <ClInclude Include="..\Code\TriCol.h">
      <Filter>03. Resources\01. Buffer\01. TriCol</Filter>
    </ClInclude>
    <ClInclude Include="..\Code\RcTex.h">
      <Filter>03. Resources\01. Buffer\03. RcTex</Filter>
    </ClInclude>
    <ClInclude Include="..\Code\Renderer.h">
      <Filter>02. Utility\03. Component\02. Renderer</Filter>
    </ClInclude>
    <ClInclude Include="..\Code\RendererMgr.h">
      <Filter>03. Resources\04. ResourceMgr</Filter>
    </ClInclude>
    <ClInclude Include="..\Code\KeyMgr.h">
      <Filter>01. System\03. KeyMgr</Filter>
    </ClInclude>
    <ClInclude Include="..\Code\ComponentMgr.h">
      <Filter>02. Utility\21. ComponentMgr</Filter>
    </ClInclude>
    <ClInclude Include="..\Code\CubeCol.h">
      <Filter>03. Resources\01. Buffer\04. CubeCol</Filter>
    </ClInclude>
    <ClInclude Include="..\Code\CubeTex.h">
      <Filter>03. Resources\01. Buffer\05. CubeTex</Filter>
    </ClInclude>
    <ClInclude Include="..\Code\Layer.h">
      <Filter>02. Utility\06. Layer</Filter>
    </ClInclude>
    <ClInclude Include="..\Code\Scene.h">
      <Filter>02. Utility\05. Scene</Filter>
    </ClInclude>
    <ClInclude Include="..\Code\Management.h">
      <Filter>02. Utility\20. Management</Filter>
    </ClInclude>
    <ClInclude Include="..\Code\CameraMgr.h">
      <Filter>02. Utility\22. CameraMgr</Filter>
    </ClInclude>
    <ClInclude Include="..\Code\Terrain_Plane.h">
      <Filter>02. Utility\01. GameObject\01. Terrain\01. Terrain_Plane</Filter>
    </ClInclude>
    <ClInclude Include="..\Code\Terrain.h">
      <Filter>02. Utility\01. GameObject\01. Terrain\00. SuperClass</Filter>
    </ClInclude>
    <ClInclude Include="..\Code\GameObject.h">
      <Filter>02. Utility\01. GameObject\00. SuperClass</Filter>
    </ClInclude>
    <ClInclude Include="..\Code\Camera.h">
      <Filter>02. Utility\01. GameObject\02. Camera\00. SuperClass</Filter>
    </ClInclude>
    <ClInclude Include="..\Code\Dynamic_Camera.h">
      <Filter>02. Utility\01. GameObject\02. Camera\02. Dynamic_Camera</Filter>
    </ClInclude>
    <ClInclude Include="..\Code\TerrainTex.h">
      <Filter>03. Resources\01. Buffer\06. TerrainTex</Filter>
    </ClInclude>
    <ClInclude Include="..\Code\CalculateMgr.h">
      <Filter>02. Utility\24. CaclulateMgr</Filter>
    </ClInclude>
  </ItemGroup>
</Project>